
Microsoft Visual Studio Solution File, Format Version 12.00
# Visual Studio Version 16
VisualStudioVersion = 16.0.30204.135
MinimumVisualStudioVersion = 10.0.40219.1
Project("{9A19103F-16F7-4668-BE54-9A1E7A4F7556}") = "BlockIoLib", "BlockIoLib\BlockIoLib.csproj", "{592CB20C-7AED-48E2-A007-81C931EC74BC}"
EndProject
Project("{FAE04EC0-301F-11D3-BF4B-00C04F79EFBC}") = "BlockIoLib.UnitTests", "BlockIoLib.UnitTests\BlockIoLib.UnitTests.csproj", "{CF661357-E292-4651-89E5-29E395CB722E}"
EndProject
Global
	GlobalSection(SolutionConfigurationPlatforms) = preSolution
		Debug|Any CPU = Debug|Any CPU
		Release|Any CPU = Release|Any CPU
	EndGlobalSection
	GlobalSection(ProjectConfigurationPlatforms) = postSolution
		{592CB20C-7AED-48E2-A007-81C931EC74BC}.Debug|Any CPU.ActiveCfg = Release|Any CPU
		{592CB20C-7AED-48E2-A007-81C931EC74BC}.Debug|Any CPU.Build.0 = Release|Any CPU
		{592CB20C-7AED-48E2-A007-81C931EC74BC}.Release|Any CPU.ActiveCfg = Release|Any CPU
		{592CB20C-7AED-48E2-A007-81C931EC74BC}.Release|Any CPU.Build.0 = Release|Any CPU
		{CF661357-E292-4651-89E5-29E395CB722E}.Debug|Any CPU.ActiveCfg = Release|Any CPU
		{CF661357-E292-4651-89E5-29E395CB722E}.Debug|Any CPU.Build.0 = Release|Any CPU
		{CF661357-E292-4651-89E5-29E395CB722E}.Release|Any CPU.ActiveCfg = Release|Any CPU
		{CF661357-E292-4651-89E5-29E395CB722E}.Release|Any CPU.Build.0 = Release|Any CPU
	EndGlobalSection
	GlobalSection(SolutionProperties) = preSolution
		HideSolutionNode = FALSE
	EndGlobalSection
	GlobalSection(ExtensibilityGlobals) = postSolution
		SolutionGuid = {068E77D9-BA59-4975-A433-CFA0490DEC0B}
	EndGlobalSection
EndGlobal
