
Microsoft Visual Studio Solution File, Format Version 12.00
# Visual Studio Version 16
VisualStudioVersion = 16.0.30204.135
MinimumVisualStudioVersion = 10.0.40219.1
Project("{FAE04EC0-301F-11D3-BF4B-00C04F79EFBC}") = "BlockIo", "BlockIo\BlockIo.csproj", "{592CB20C-7AED-48E2-A007-81C931EC74BC}"
EndProject
Project("{FAE04EC0-301F-11D3-BF4B-00C04F79EFBC}") = "BlockIo.UnitTests", "BlockIo.UnitTests\BlockIo.UnitTests.csproj", "{CF661357-E292-4651-89E5-29E395CB722E}"
EndProject
Project("{FAE04EC0-301F-11D3-BF4B-00C04F79EFBC}") = "Basic", "Examples\Basic\Basic.csproj", "{BAED88EC-10DA-4006-80F9-42519FB2ADD4}"
EndProject
Project("{FAE04EC0-301F-11D3-BF4B-00C04F79EFBC}") = "Sweeper", "Examples\Sweeper\Sweeper.csproj", "{89F0E01D-E12C-4C2D-A4CB-E237D86438C6}"
EndProject
Project("{FAE04EC0-301F-11D3-BF4B-00C04F79EFBC}") = "DTrust", "Examples\DTrust\DTrust.csproj", "{DBD52E06-B272-48CD-83BE-CB0377466F28}"
EndProject
Project("{FAE04EC0-301F-11D3-BF4B-00C04F79EFBC}") = "MaxWithdrawal", "Examples\MaxWithdrawal\MaxWithdrawal.csproj", "{A67EBBE6-41AE-48F6-8F58-97B9883F7B60}"
EndProject
Project("{FAE04EC0-301F-11D3-BF4B-00C04F79EFBC}") = "AddressGeneration", "AddressGeneration\AddressGeneration.csproj", "{9C735FBD-2217-4EE3-B598-544EB602C76F}"
EndProject
Global
	GlobalSection(SolutionConfigurationPlatforms) = preSolution
		Debug|Any CPU = Debug|Any CPU
		Release|Any CPU = Release|Any CPU
	EndGlobalSection
	GlobalSection(ProjectConfigurationPlatforms) = postSolution
		{592CB20C-7AED-48E2-A007-81C931EC74BC}.Debug|Any CPU.ActiveCfg = Release|Any CPU
		{592CB20C-7AED-48E2-A007-81C931EC74BC}.Debug|Any CPU.Build.0 = Release|Any CPU
		{592CB20C-7AED-48E2-A007-81C931EC74BC}.Release|Any CPU.ActiveCfg = Release|Any CPU
		{592CB20C-7AED-48E2-A007-81C931EC74BC}.Release|Any CPU.Build.0 = Release|Any CPU
		{CF661357-E292-4651-89E5-29E395CB722E}.Debug|Any CPU.ActiveCfg = Release|Any CPU
		{CF661357-E292-4651-89E5-29E395CB722E}.Debug|Any CPU.Build.0 = Release|Any CPU
		{CF661357-E292-4651-89E5-29E395CB722E}.Release|Any CPU.ActiveCfg = Release|Any CPU
		{CF661357-E292-4651-89E5-29E395CB722E}.Release|Any CPU.Build.0 = Release|Any CPU
		{BAED88EC-10DA-4006-80F9-42519FB2ADD4}.Debug|Any CPU.ActiveCfg = Debug|Any CPU
		{BAED88EC-10DA-4006-80F9-42519FB2ADD4}.Debug|Any CPU.Build.0 = Debug|Any CPU
		{BAED88EC-10DA-4006-80F9-42519FB2ADD4}.Release|Any CPU.ActiveCfg = Release|Any CPU
		{BAED88EC-10DA-4006-80F9-42519FB2ADD4}.Release|Any CPU.Build.0 = Release|Any CPU
		{89F0E01D-E12C-4C2D-A4CB-E237D86438C6}.Debug|Any CPU.ActiveCfg = Debug|Any CPU
		{89F0E01D-E12C-4C2D-A4CB-E237D86438C6}.Debug|Any CPU.Build.0 = Debug|Any CPU
		{89F0E01D-E12C-4C2D-A4CB-E237D86438C6}.Release|Any CPU.ActiveCfg = Release|Any CPU
		{89F0E01D-E12C-4C2D-A4CB-E237D86438C6}.Release|Any CPU.Build.0 = Release|Any CPU
		{DBD52E06-B272-48CD-83BE-CB0377466F28}.Debug|Any CPU.ActiveCfg = Debug|Any CPU
		{DBD52E06-B272-48CD-83BE-CB0377466F28}.Debug|Any CPU.Build.0 = Debug|Any CPU
		{DBD52E06-B272-48CD-83BE-CB0377466F28}.Release|Any CPU.ActiveCfg = Release|Any CPU
		{DBD52E06-B272-48CD-83BE-CB0377466F28}.Release|Any CPU.Build.0 = Release|Any CPU
		{A67EBBE6-41AE-48F6-8F58-97B9883F7B60}.Debug|Any CPU.ActiveCfg = Debug|Any CPU
		{A67EBBE6-41AE-48F6-8F58-97B9883F7B60}.Debug|Any CPU.Build.0 = Debug|Any CPU
		{A67EBBE6-41AE-48F6-8F58-97B9883F7B60}.Release|Any CPU.ActiveCfg = Release|Any CPU
		{A67EBBE6-41AE-48F6-8F58-97B9883F7B60}.Release|Any CPU.Build.0 = Release|Any CPU
		{9C735FBD-2217-4EE3-B598-544EB602C76F}.Debug|Any CPU.ActiveCfg = Debug|Any CPU
		{9C735FBD-2217-4EE3-B598-544EB602C76F}.Debug|Any CPU.Build.0 = Debug|Any CPU
		{9C735FBD-2217-4EE3-B598-544EB602C76F}.Release|Any CPU.ActiveCfg = Release|Any CPU
		{9C735FBD-2217-4EE3-B598-544EB602C76F}.Release|Any CPU.Build.0 = Release|Any CPU
	EndGlobalSection
	GlobalSection(SolutionProperties) = preSolution
		HideSolutionNode = FALSE
	EndGlobalSection
	GlobalSection(ExtensibilityGlobals) = postSolution
		SolutionGuid = {068E77D9-BA59-4975-A433-CFA0490DEC0B}
	EndGlobalSection
EndGlobal
